
Microsoft Visual Studio Solution File, Format Version 12.00
# Visual Studio Version 16
VisualStudioVersion = 16.0.30225.117
MinimumVisualStudioVersion = 10.0.40219.1
Project("{888888A0-9F3D-457C-B088-3A5042F75D52}") = "mysite", "mysite\mysite.pyproj", "{40FA6A25-3572-4AF2-A992-1F1BFC5AAE04}"
EndProject
Global
	GlobalSection(SolutionConfigurationPlatforms) = preSolution
		Debug|Any CPU = Debug|Any CPU
		Release|Any CPU = Release|Any CPU
	EndGlobalSection
	GlobalSection(ProjectConfigurationPlatforms) = postSolution
		{40FA6A25-3572-4AF2-A992-1F1BFC5AAE04}.Debug|Any CPU.ActiveCfg = Debug|Any CPU
		{40FA6A25-3572-4AF2-A992-1F1BFC5AAE04}.Debug|Any CPU.Build.0 = Debug|Any CPU
		{40FA6A25-3572-4AF2-A992-1F1BFC5AAE04}.Release|Any CPU.ActiveCfg = Release|Any CPU
		{40FA6A25-3572-4AF2-A992-1F1BFC5AAE04}.Release|Any CPU.Build.0 = Release|Any CPU
	EndGlobalSection
	GlobalSection(SolutionProperties) = preSolution
		HideSolutionNode = FALSE
	EndGlobalSection
	GlobalSection(ExtensibilityGlobals) = postSolution
		SolutionGuid = {73D1C595-64F4-49C9-94A6-9EAF5F527FCE}
	EndGlobalSection
EndGlobal
